
Microsoft Visual Studio Solution File, Format Version 12.00
# Visual Studio Version 16
VisualStudioVersion = 16.0.34601.136
MinimumVisualStudioVersion = 10.0.40219.1
Project("{FAE04EC0-301F-11D3-BF4B-00C04F79EFBC}") = "QuickSort", "QuickSort.csproj", "{06E62E94-C42E-4C0D-A0CC-528E455A00CB}"
EndProject
Global
	GlobalSection(SolutionConfigurationPlatforms) = preSolution
		Debug|Any CPU = Debug|Any CPU
		Release|Any CPU = Release|Any CPU
	EndGlobalSection
	GlobalSection(ProjectConfigurationPlatforms) = postSolution
		{06E62E94-C42E-4C0D-A0CC-528E455A00CB}.Debug|Any CPU.ActiveCfg = Debug|Any CPU
		{06E62E94-C42E-4C0D-A0CC-528E455A00CB}.Debug|Any CPU.Build.0 = Debug|Any CPU
		{06E62E94-C42E-4C0D-A0CC-528E455A00CB}.Release|Any CPU.ActiveCfg = Release|Any CPU
		{06E62E94-C42E-4C0D-A0CC-528E455A00CB}.Release|Any CPU.Build.0 = Release|Any CPU
	EndGlobalSection
	GlobalSection(SolutionProperties) = preSolution
		HideSolutionNode = FALSE
	EndGlobalSection
	GlobalSection(ExtensibilityGlobals) = postSolution
		SolutionGuid = {C1E94148-B63B-4E15-A8A0-D488EA2F9F27}
	EndGlobalSection
EndGlobal
